
Microsoft Visual Studio Solution File, Format Version 12.00
# Visual Studio 2013
VisualStudioVersion = 12.0.40629.0
MinimumVisualStudioVersion = 10.0.40219.1
Project("{FAE04EC0-301F-11D3-BF4B-00C04F79EFBC}") = "WebApplication", "WebApplication\WebApplication.csproj", "{093AFF21-B8D6-4B6F-8775-FE3F7500284C}"
EndProject
Global
	GlobalSection(SolutionConfigurationPlatforms) = preSolution
		Debug|Any CPU = Debug|Any CPU
		Release|Any CPU = Release|Any CPU
	EndGlobalSection
	GlobalSection(ProjectConfigurationPlatforms) = postSolution
		{093AFF21-B8D6-4B6F-8775-FE3F7500284C}.Debug|Any CPU.ActiveCfg = Debug|Any CPU
		{093AFF21-B8D6-4B6F-8775-FE3F7500284C}.Debug|Any CPU.Build.0 = Debug|Any CPU
		{093AFF21-B8D6-4B6F-8775-FE3F7500284C}.Release|Any CPU.ActiveCfg = Release|Any CPU
		{093AFF21-B8D6-4B6F-8775-FE3F7500284C}.Release|Any CPU.Build.0 = Release|Any CPU
	EndGlobalSection
	GlobalSection(SolutionProperties) = preSolution
		HideSolutionNode = FALSE
	EndGlobalSection
EndGlobal
